
Microsoft Visual Studio Solution File, Format Version 12.00
# Visual Studio Version 17
VisualStudioVersion = 17.3.32819.101
MinimumVisualStudioVersion = 10.0.40219.1
Project("{FAE04EC0-301F-11D3-BF4B-00C04F79EFBC}") = "Life", "Life\Life.csproj", "{EBDE16A8-43E7-4799-BCB0-10151D27923C}"
EndProject
Global
	GlobalSection(SolutionConfigurationPlatforms) = preSolution
		Debug|Any CPU = Debug|Any CPU
		Release|Any CPU = Release|Any CPU
	EndGlobalSection
	GlobalSection(ProjectConfigurationPlatforms) = postSolution
		{EBDE16A8-43E7-4799-BCB0-10151D27923C}.Debug|Any CPU.ActiveCfg = Debug|Any CPU
		{EBDE16A8-43E7-4799-BCB0-10151D27923C}.Debug|Any CPU.Build.0 = Debug|Any CPU
		{EBDE16A8-43E7-4799-BCB0-10151D27923C}.Release|Any CPU.ActiveCfg = Release|Any CPU
		{EBDE16A8-43E7-4799-BCB0-10151D27923C}.Release|Any CPU.Build.0 = Release|Any CPU
	EndGlobalSection
	GlobalSection(SolutionProperties) = preSolution
		HideSolutionNode = FALSE
	EndGlobalSection
	GlobalSection(ExtensibilityGlobals) = postSolution
		SolutionGuid = {673113F9-9F2F-492E-A23D-1209BDCCF809}
	EndGlobalSection
EndGlobal
